
Microsoft Visual Studio Solution File, Format Version 12.00
# Visual Studio 15
VisualStudioVersion = 15.0.27004.2009
MinimumVisualStudioVersion = 10.0.40219.1
Project("{FAE04EC0-301F-11D3-BF4B-00C04F79EFBC}") = "SfxTool", "SfxTool.csproj", "{2F479374-185B-4CAE-A1E5-0149C8084A9A}"
EndProject
Project("{FAE04EC0-301F-11D3-BF4B-00C04F79EFBC}") = "SfxPing", "..\SfxPing\SfxPing.csproj", "{066C9284-2FD7-48DE-82FD-CE9240CD8243}"
EndProject
Project("{FAE04EC0-301F-11D3-BF4B-00C04F79EFBC}") = "SfxFiddlerCore", "..\SfxFiddlerCore\SfxFiddlerCore.csproj", "{A829E2D3-CC7A-44BF-981B-D1F357AFB15C}"
EndProject
Project("{FAE04EC0-301F-11D3-BF4B-00C04F79EFBC}") = "testProxy", "..\testProxy\testProxy.csproj", "{88DDD678-8ECE-439F-A5AD-939E7A25F9D1}"
EndProject
Project("{FAE04EC0-301F-11D3-BF4B-00C04F79EFBC}") = "testConsole", "testConsole\testConsole.csproj", "{B2EB1CF8-080E-412C-90CB-3AB0DAC4FCAC}"
EndProject
Project("{FAE04EC0-301F-11D3-BF4B-00C04F79EFBC}") = "SfxFiddlerExtension", "..\SfxFiddlerExtension\SfxFiddlerExtension.csproj", "{B79A8197-5192-4A1E-B6F9-5ED84AD534F6}"
EndProject
Project("{FAE04EC0-301F-11D3-BF4B-00C04F79EFBC}") = "SfxProductTimer", "..\SfxProductTimer\SfxProductTimer.csproj", "{8F414B7C-9D32-4EFF-8848-A31ED7C25DC5}"
EndProject
Project("{FAE04EC0-301F-11D3-BF4B-00C04F79EFBC}") = "Utils", "Utils\Utils.csproj", "{B04DB3D0-89CE-47DF-BB32-5CB233146CEC}"
EndProject
Global
	GlobalSection(SolutionConfigurationPlatforms) = preSolution
		Debug|Any CPU = Debug|Any CPU
		Release|Any CPU = Release|Any CPU
	EndGlobalSection
	GlobalSection(ProjectConfigurationPlatforms) = postSolution
		{2F479374-185B-4CAE-A1E5-0149C8084A9A}.Debug|Any CPU.ActiveCfg = Debug|Any CPU
		{2F479374-185B-4CAE-A1E5-0149C8084A9A}.Debug|Any CPU.Build.0 = Debug|Any CPU
		{2F479374-185B-4CAE-A1E5-0149C8084A9A}.Release|Any CPU.ActiveCfg = Release|Any CPU
		{2F479374-185B-4CAE-A1E5-0149C8084A9A}.Release|Any CPU.Build.0 = Release|Any CPU
		{066C9284-2FD7-48DE-82FD-CE9240CD8243}.Debug|Any CPU.ActiveCfg = Debug|Any CPU
		{066C9284-2FD7-48DE-82FD-CE9240CD8243}.Debug|Any CPU.Build.0 = Debug|Any CPU
		{066C9284-2FD7-48DE-82FD-CE9240CD8243}.Release|Any CPU.ActiveCfg = Release|Any CPU
		{066C9284-2FD7-48DE-82FD-CE9240CD8243}.Release|Any CPU.Build.0 = Release|Any CPU
		{A829E2D3-CC7A-44BF-981B-D1F357AFB15C}.Debug|Any CPU.ActiveCfg = Debug|Any CPU
		{A829E2D3-CC7A-44BF-981B-D1F357AFB15C}.Debug|Any CPU.Build.0 = Debug|Any CPU
		{A829E2D3-CC7A-44BF-981B-D1F357AFB15C}.Release|Any CPU.ActiveCfg = Release|Any CPU
		{A829E2D3-CC7A-44BF-981B-D1F357AFB15C}.Release|Any CPU.Build.0 = Release|Any CPU
		{88DDD678-8ECE-439F-A5AD-939E7A25F9D1}.Debug|Any CPU.ActiveCfg = Debug|Any CPU
		{88DDD678-8ECE-439F-A5AD-939E7A25F9D1}.Debug|Any CPU.Build.0 = Debug|Any CPU
		{88DDD678-8ECE-439F-A5AD-939E7A25F9D1}.Release|Any CPU.ActiveCfg = Release|Any CPU
		{88DDD678-8ECE-439F-A5AD-939E7A25F9D1}.Release|Any CPU.Build.0 = Release|Any CPU
		{B2EB1CF8-080E-412C-90CB-3AB0DAC4FCAC}.Debug|Any CPU.ActiveCfg = Debug|Any CPU
		{B2EB1CF8-080E-412C-90CB-3AB0DAC4FCAC}.Debug|Any CPU.Build.0 = Debug|Any CPU
		{B2EB1CF8-080E-412C-90CB-3AB0DAC4FCAC}.Release|Any CPU.ActiveCfg = Release|Any CPU
		{B2EB1CF8-080E-412C-90CB-3AB0DAC4FCAC}.Release|Any CPU.Build.0 = Release|Any CPU
		{B79A8197-5192-4A1E-B6F9-5ED84AD534F6}.Debug|Any CPU.ActiveCfg = Debug|Any CPU
		{B79A8197-5192-4A1E-B6F9-5ED84AD534F6}.Debug|Any CPU.Build.0 = Debug|Any CPU
		{B79A8197-5192-4A1E-B6F9-5ED84AD534F6}.Release|Any CPU.ActiveCfg = Release|Any CPU
		{B79A8197-5192-4A1E-B6F9-5ED84AD534F6}.Release|Any CPU.Build.0 = Release|Any CPU
		{8F414B7C-9D32-4EFF-8848-A31ED7C25DC5}.Debug|Any CPU.ActiveCfg = Debug|Any CPU
		{8F414B7C-9D32-4EFF-8848-A31ED7C25DC5}.Debug|Any CPU.Build.0 = Debug|Any CPU
		{8F414B7C-9D32-4EFF-8848-A31ED7C25DC5}.Release|Any CPU.ActiveCfg = Release|Any CPU
		{8F414B7C-9D32-4EFF-8848-A31ED7C25DC5}.Release|Any CPU.Build.0 = Release|Any CPU
		{B04DB3D0-89CE-47DF-BB32-5CB233146CEC}.Debug|Any CPU.ActiveCfg = Debug|Any CPU
		{B04DB3D0-89CE-47DF-BB32-5CB233146CEC}.Debug|Any CPU.Build.0 = Debug|Any CPU
		{B04DB3D0-89CE-47DF-BB32-5CB233146CEC}.Release|Any CPU.ActiveCfg = Release|Any CPU
		{B04DB3D0-89CE-47DF-BB32-5CB233146CEC}.Release|Any CPU.Build.0 = Release|Any CPU
	EndGlobalSection
	GlobalSection(SolutionProperties) = preSolution
		HideSolutionNode = FALSE
	EndGlobalSection
	GlobalSection(ExtensibilityGlobals) = postSolution
		SolutionGuid = {CEDE6420-83B2-4DE3-9F91-867832B5A737}
	EndGlobalSection
EndGlobal
